
Microsoft Visual Studio Solution File, Format Version 12.00
# Visual Studio Version 17
VisualStudioVersion = 17.7.34202.233
MinimumVisualStudioVersion = 10.0.40219.1
Project("{FAE04EC0-301F-11D3-BF4B-00C04F79EFBC}") = "TaskManagement", "TaskManagement\TaskManagement.csproj", "{28AA0252-3A11-484B-9F27-D8AE51BB8021}"
EndProject
Project("{FAE04EC0-301F-11D3-BF4B-00C04F79EFBC}") = "TaskManagementConsole", "TaskManagementConsole\TaskManagementConsole.csproj", "{7C457D4D-302A-41F6-A811-C92E3A1FA7A2}"
EndProject
Project("{FAE04EC0-301F-11D3-BF4B-00C04F79EFBC}") = "DataAcessLayer", "DataAcessLayer\DataAcessLayer.csproj", "{E86C538E-3CEB-433C-9203-47878495A87F}"
EndProject
Project("{FAE04EC0-301F-11D3-BF4B-00C04F79EFBC}") = "BusinessLayer", "BusinessLayer\BusinessLayer.csproj", "{3A97E28E-4E3B-472F-8D6B-10BB2423EDD5}"
EndProject
Project("{FAE04EC0-301F-11D3-BF4B-00C04F79EFBC}") = "LoginLayer", "LoginLayer\LoginLayer.csproj", "{574B8D78-6196-4C35-AC54-0C6F9EFA083C}"
EndProject
Global
	GlobalSection(SolutionConfigurationPlatforms) = preSolution
		Debug|Any CPU = Debug|Any CPU
		Release|Any CPU = Release|Any CPU
	EndGlobalSection
	GlobalSection(ProjectConfigurationPlatforms) = postSolution
		{28AA0252-3A11-484B-9F27-D8AE51BB8021}.Debug|Any CPU.ActiveCfg = Debug|Any CPU
		{28AA0252-3A11-484B-9F27-D8AE51BB8021}.Debug|Any CPU.Build.0 = Debug|Any CPU
		{28AA0252-3A11-484B-9F27-D8AE51BB8021}.Release|Any CPU.ActiveCfg = Release|Any CPU
		{28AA0252-3A11-484B-9F27-D8AE51BB8021}.Release|Any CPU.Build.0 = Release|Any CPU
		{7C457D4D-302A-41F6-A811-C92E3A1FA7A2}.Debug|Any CPU.ActiveCfg = Debug|Any CPU
		{7C457D4D-302A-41F6-A811-C92E3A1FA7A2}.Debug|Any CPU.Build.0 = Debug|Any CPU
		{7C457D4D-302A-41F6-A811-C92E3A1FA7A2}.Release|Any CPU.ActiveCfg = Release|Any CPU
		{7C457D4D-302A-41F6-A811-C92E3A1FA7A2}.Release|Any CPU.Build.0 = Release|Any CPU
		{E86C538E-3CEB-433C-9203-47878495A87F}.Debug|Any CPU.ActiveCfg = Debug|Any CPU
		{E86C538E-3CEB-433C-9203-47878495A87F}.Debug|Any CPU.Build.0 = Debug|Any CPU
		{E86C538E-3CEB-433C-9203-47878495A87F}.Release|Any CPU.ActiveCfg = Release|Any CPU
		{E86C538E-3CEB-433C-9203-47878495A87F}.Release|Any CPU.Build.0 = Release|Any CPU
		{3A97E28E-4E3B-472F-8D6B-10BB2423EDD5}.Debug|Any CPU.ActiveCfg = Debug|Any CPU
		{3A97E28E-4E3B-472F-8D6B-10BB2423EDD5}.Debug|Any CPU.Build.0 = Debug|Any CPU
		{3A97E28E-4E3B-472F-8D6B-10BB2423EDD5}.Release|Any CPU.ActiveCfg = Release|Any CPU
		{3A97E28E-4E3B-472F-8D6B-10BB2423EDD5}.Release|Any CPU.Build.0 = Release|Any CPU
		{574B8D78-6196-4C35-AC54-0C6F9EFA083C}.Debug|Any CPU.ActiveCfg = Debug|Any CPU
		{574B8D78-6196-4C35-AC54-0C6F9EFA083C}.Debug|Any CPU.Build.0 = Debug|Any CPU
		{574B8D78-6196-4C35-AC54-0C6F9EFA083C}.Release|Any CPU.ActiveCfg = Release|Any CPU
		{574B8D78-6196-4C35-AC54-0C6F9EFA083C}.Release|Any CPU.Build.0 = Release|Any CPU
	EndGlobalSection
	GlobalSection(SolutionProperties) = preSolution
		HideSolutionNode = FALSE
	EndGlobalSection
	GlobalSection(ExtensibilityGlobals) = postSolution
		SolutionGuid = {7B883567-9BD3-4198-B7DD-8EA503221E77}
	EndGlobalSection
EndGlobal
